// !$*UTF8*$!
{
	archiveVersion = 1;
	classes = {
	};
	objectVersion = 46;
	objects = {

/* Begin PBXBuildFile section */
		9EA06D5F1CAEE12A00DF7D94 /* AppDelegate.swift in Sources */ = {isa = PBXBuildFile; fileRef = 9EA06D5E1CAEE12A00DF7D94 /* AppDelegate.swift */; };
		9EA06D611CAEE12A00DF7D94 /* ViewController.swift in Sources */ = {isa = PBXBuildFile; fileRef = 9EA06D601CAEE12A00DF7D94 /* ViewController.swift */; };
		9EA06D641CAEE12B00DF7D94 /* Main.storyboard in Resources */ = {isa = PBXBuildFile; fileRef = 9EA06D621CAEE12B00DF7D94 /* Main.storyboard */; };
		9EA06D661CAEE12B00DF7D94 /* Images.xcassets in Resources */ = {isa = PBXBuildFile; fileRef = 9EA06D651CAEE12B00DF7D94 /* Images.xcassets */; };
		9EA06D691CAEE12B00DF7D94 /* LaunchScreen.xib in Resources */ = {isa = PBXBuildFile; fileRef = 9EA06D671CAEE12B00DF7D94 /* LaunchScreen.xib */; };
		9EA06D751CAEE12B00DF7D94 /* SupercoolTests.swift in Sources */ = {isa = PBXBuildFile; fileRef = 9EA06D741CAEE12B00DF7D94 /* SupercoolTests.swift */; };
/* End PBXBuildFile section */

/* Begin PBXContainerItemProxy section */
		9EA06D6F1CAEE12B00DF7D94 /* PBXContainerItemProxy */ = {
			isa = PBXContainerItemProxy;
			containerPortal = 9EA06D511CAEE12A00DF7D94 /* Project object */;
			proxyType = 1;
			remoteGlobalIDString = 9EA06D581CAEE12A00DF7D94;
			remoteInfo = Supercool;
		};
/* End PBXContainerItemProxy section */

/* Begin PBXFileReference section */
		9EA06D591CAEE12A00DF7D94 /* Supercool.app */ = {isa = PBXFileReference; explicitFileType = wrapper.application; includeInIndex = 0; path = Supercool.app; sourceTree = BUILT_PRODUCTS_DIR; };
		9EA06D5D1CAEE12A00DF7D94 /* Info.plist */ = {isa = PBXFileReference; lastKnownFileType = text.plist.xml; path = Info.plist; sourceTree = "<group>"; };
		9EA06D5E1CAEE12A00DF7D94 /* AppDelegate.swift */ = {isa = PBXFileReference; lastKnownFileType = sourcecode.swift; path = AppDelegate.swift; sourceTree = "<group>"; };
		9EA06D601CAEE12A00DF7D94 /* ViewController.swift */ = {isa = PBXFileReference; lastKnownFileType = sourcecode.swift; path = ViewController.swift; sourceTree = "<group>"; };
		9EA06D631CAEE12B00DF7D94 /* Base */ = {isa = PBXFileReference; lastKnownFileType = file.storyboard; name = Base; path = Base.lproj/Main.storyboard; sourceTree = "<group>"; };
		9EA06D651CAEE12B00DF7D94 /* Images.xcassets */ = {isa = PBXFileReference; lastKnownFileType = folder.assetcatalog; path = Images.xcassets; sourceTree = "<group>"; };
		9EA06D681CAEE12B00DF7D94 /* Base */ = {isa = PBXFileReference; lastKnownFileType = file.xib; name = Base; path = Base.lproj/LaunchScreen.xib; sourceTree = "<group>"; };
		9EA06D6E1CAEE12B00DF7D94 /* SupercoolTests.xctest */ = {isa = PBXFileReference; explicitFileType = wrapper.cfbundle; includeInIndex = 0; path = SupercoolTests.xctest; sourceTree = BUILT_PRODUCTS_DIR; };
		9EA06D731CAEE12B00DF7D94 /* Info.plist */ = {isa = PBXFileReference; lastKnownFileType = text.plist.xml; path = Info.plist; sourceTree = "<group>"; };
		9EA06D741CAEE12B00DF7D94 /* SupercoolTests.swift */ = {isa = PBXFileReference; lastKnownFileType = sourcecode.swift; path = SupercoolTests.swift; sourceTree = "<group>"; };
/* End PBXFileReference section */

/* Begin PBXFrameworksBuildPhase section */
		9EA06D561CAEE12A00DF7D94 /* Frameworks */ = {
			isa = PBXFrameworksBuildPhase;
			buildActionMask = 2147483647;
			files = (
			);
			runOnlyForDeploymentPostprocessing = 0;
		};
		9EA06D6B1CAEE12B00DF7D94 /* Frameworks */ = {
			isa = PBXFrameworksBuildPhase;
			buildActionMask = 2147483647;
			files = (
			);
			runOnlyForDeploymentPostprocessing = 0;
		};
/* End PBXFrameworksBuildPhase section */

/* Begin PBXGroup section */
		9EA06D501CAEE12A00DF7D94 = {
			isa = PBXGroup;
			children = (
				9EA06D5B1CAEE12A00DF7D94 /* Supercool */,
				9EA06D711CAEE12B00DF7D94 /* SupercoolTests */,
				9EA06D5A1CAEE12A00DF7D94 /* Products */,
			);
			sourceTree = "<group>";
		};
		9EA06D5A1CAEE12A00DF7D94 /* Products */ = {
			isa = PBXGroup;
			children = (
				9EA06D591CAEE12A00DF7D94 /* Supercool.app */,
				9EA06D6E1CAEE12B00DF7D94 /* SupercoolTests.xctest */,
			);
			name = Products;
			sourceTree = "<group>";
		};
		9EA06D5B1CAEE12A00DF7D94 /* Supercool */ = {
			isa = PBXGroup;
			children = (
				9EA06D5E1CAEE12A00DF7D94 /* AppDelegate.swift */,
				9EA06D601CAEE12A00DF7D94 /* ViewController.swift */,
				9EA06D621CAEE12B00DF7D94 /* Main.storyboard */,
				9EA06D651CAEE12B00DF7D94 /* Images.xcassets */,
				9EA06D671CAEE12B00DF7D94 /* LaunchScreen.xib */,
				9EA06D5C1CAEE12A00DF7D94 /* Supporting Files */,
			);
			path = Supercool;
			sourceTree = "<group>";
		};
		9EA06D5C1CAEE12A00DF7D94 /* Supporting Files */ = {
			isa = PBXGroup;
			children = (
				9EA06D5D1CAEE12A00DF7D94 /* Info.plist */,
			);
			name = "Supporting Files";
			sourceTree = "<group>";
		};
		9EA06D711CAEE12B00DF7D94 /* SupercoolTests */ = {
			isa = PBXGroup;
			children = (
				9EA06D741CAEE12B00DF7D94 /* SupercoolTests.swift */,
				9EA06D721CAEE12B00DF7D94 /* Supporting Files */,
			);
			path = SupercoolTests;
			sourceTree = "<group>";
		};
		9EA06D721CAEE12B00DF7D94 /* Supporting Files */ = {
			isa = PBXGroup;
			children = (
				9EA06D731CAEE12B00DF7D94 /* Info.plist */,
			);
			name = "Supporting Files";
			sourceTree = "<group>";
		};
/* End PBXGroup section */

/* Begin PBXNativeTarget section */
		9EA06D581CAEE12A00DF7D94 /* Supercool */ = {
			isa = PBXNativeTarget;
			buildConfigurationList = 9EA06D781CAEE12B00DF7D94 /* Build configuration list for PBXNativeTarget "Supercool" */;
			buildPhases = (
				9EA06D551CAEE12A00DF7D94 /* Sources */,
				9EA06D561CAEE12A00DF7D94 /* Frameworks */,
				9EA06D571CAEE12A00DF7D94 /* Resources */,
			);
			buildRules = (
			);
			dependencies = (
			);
			name = Supercool;
			productName = Supercool;
			productReference = 9EA06D591CAEE12A00DF7D94 /* Supercool.app */;
			productType = "com.apple.product-type.application";
		};
		9EA06D6D1CAEE12B00DF7D94 /* SupercoolTests */ = {
			isa = PBXNativeTarget;
			buildConfigurationList = 9EA06D7B1CAEE12B00DF7D94 /* Build configuration list for PBXNativeTarget "SupercoolTests" */;
			buildPhases = (
				9EA06D6A1CAEE12B00DF7D94 /* Sources */,
				9EA06D6B1CAEE12B00DF7D94 /* Frameworks */,
				9EA06D6C1CAEE12B00DF7D94 /* Resources */,
			);
			buildRules = (
			);
			dependencies = (
				9EA06D701CAEE12B00DF7D94 /* PBXTargetDependency */,
			);
			name = SupercoolTests;
			productName = SupercoolTests;
			productReference = 9EA06D6E1CAEE12B00DF7D94 /* SupercoolTests.xctest */;
			productType = "com.apple.product-type.bundle.unit-test";
		};
/* End PBXNativeTarget section */

/* Begin PBXProject section */
		9EA06D511CAEE12A00DF7D94 /* Project object */ = {
			isa = PBXProject;
			attributes = {
				LastUpgradeCheck = 0610;
				ORGANIZATIONNAME = "Mark Somaroo";
				TargetAttributes = {
					9EA06D581CAEE12A00DF7D94 = {
						CreatedOnToolsVersion = 6.1.1;
					};
					9EA06D6D1CAEE12B00DF7D94 = {
						CreatedOnToolsVersion = 6.1.1;
						TestTargetID = 9EA06D581CAEE12A00DF7D94;
					};
				};
			};
			buildConfigurationList = 9EA06D541CAEE12A00DF7D94 /* Build configuration list for PBXProject "Supercool" */;
			compatibilityVersion = "Xcode 3.2";
			developmentRegion = English;
			hasScannedForEncodings = 0;
			knownRegions = (
				en,
				Base,
			);
			mainGroup = 9EA06D501CAEE12A00DF7D94;
			productRefGroup = 9EA06D5A1CAEE12A00DF7D94 /* Products */;
			projectDirPath = "";
			projectRoot = "";
			targets = (
				9EA06D581CAEE12A00DF7D94 /* Supercool */,
				9EA06D6D1CAEE12B00DF7D94 /* SupercoolTests */,
			);
		};
/* End PBXProject section */

/* Begin PBXResourcesBuildPhase section */
		9EA06D571CAEE12A00DF7D94 /* Resources */ = {
			isa = PBXResourcesBuildPhase;
			buildActionMask = 2147483647;
			files = (
				9EA06D641CAEE12B00DF7D94 /* Main.storyboard in Resources */,
				9EA06D691CAEE12B00DF7D94 /* LaunchScreen.xib in Resources */,
				9EA06D661CAEE12B00DF7D94 /* Images.xcassets in Resources */,
			);
			runOnlyForDeploymentPostprocessing = 0;
		};
		9EA06D6C1CAEE12B00DF7D94 /* Resources */ = {
			isa = PBXResourcesBuildPhase;
			buildActionMask = 2147483647;
			files = (
			);
			runOnlyForDeploymentPostprocessing = 0;
		};
/* End PBXResourcesBuildPhase section */

/* Begin PBXSourcesBuildPhase section */
		9EA06D551CAEE12A00DF7D94 /* Sources */ = {
			isa = PBXSourcesBuildPhase;
			buildActionMask = 2147483647;
			files = (
				9EA06D611CAEE12A00DF7D94 /* ViewController.swift in Sources */,
				9EA06D5F1CAEE12A00DF7D94 /* AppDelegate.swift in Sources */,
			);
			runOnlyForDeploymentPostprocessing = 0;
		};
		9EA06D6A1CAEE12B00DF7D94 /* Sources */ = {
			isa = PBXSourcesBuildPhase;
			buildActionMask = 2147483647;
			files = (
				9EA06D751CAEE12B00DF7D94 /* SupercoolTests.swift in Sources */,
			);
			runOnlyForDeploymentPostprocessing = 0;
		};
/* End PBXSourcesBuildPhase section */

/* Begin PBXTargetDependency section */
		9EA06D701CAEE12B00DF7D94 /* PBXTargetDependency */ = {
			isa = PBXTargetDependency;
			target = 9EA06D581CAEE12A00DF7D94 /* Supercool */;
			targetProxy = 9EA06D6F1CAEE12B00DF7D94 /* PBXContainerItemProxy */;
		};
/* End PBXTargetDependency section */

/* Begin PBXVariantGroup section */
		9EA06D621CAEE12B00DF7D94 /* Main.storyboard */ = {
			isa = PBXVariantGroup;
			children = (
				9EA06D631CAEE12B00DF7D94 /* Base */,
			);
			name = Main.storyboard;
			sourceTree = "<group>";
		};
		9EA06D671CAEE12B00DF7D94 /* LaunchScreen.xib */ = {
			isa = PBXVariantGroup;
			children = (
				9EA06D681CAEE12B00DF7D94 /* Base */,
			);
			name = LaunchScreen.xib;
			sourceTree = "<group>";
		};
/* End PBXVariantGroup section */

/* Begin XCBuildConfiguration section */
		9EA06D761CAEE12B00DF7D94 /* Debug */ = {
			isa = XCBuildConfiguration;
			buildSettings = {
				ALWAYS_SEARCH_USER_PATHS = NO;
				CLANG_CXX_LANGUAGE_STANDARD = "gnu++0x";
				CLANG_CXX_LIBRARY = "libc++";
				CLANG_ENABLE_MODULES = YES;
				CLANG_ENABLE_OBJC_ARC = YES;
				CLANG_WARN_BOOL_CONVERSION = YES;
				CLANG_WARN_CONSTANT_CONVERSION = YES;
				CLANG_WARN_DIRECT_OBJC_ISA_USAGE = YES_ERROR;
				CLANG_WARN_EMPTY_BODY = YES;
				CLANG_WARN_ENUM_CONVERSION = YES;
				CLANG_WARN_INT_CONVERSION = YES;
				CLANG_WARN_OBJC_ROOT_CLASS = YES_ERROR;
				CLANG_WARN_UNREACHABLE_CODE = YES;
				CLANG_WARN__DUPLICATE_METHOD_MATCH = YES;
				"CODE_SIGN_IDENTITY[sdk=iphoneos*]" = "iPhone Developer";
				COPY_PHASE_STRIP = NO;
				ENABLE_STRICT_OBJC_MSGSEND = YES;
				GCC_C_LANGUAGE_STANDARD = gnu99;
				GCC_DYNAMIC_NO_PIC = NO;
				GCC_OPTIMIZATION_LEVEL = 0;
				GCC_PREPROCESSOR_DEFINITIONS = (
					"DEBUG=1",
					"$(inherited)",
				);
				GCC_SYMBOLS_PRIVATE_EXTERN = NO;
				GCC_WARN_64_TO_32_BIT_CONVERSION = YES;
				GCC_WARN_ABOUT_RETURN_TYPE = YES_ERROR;
				GCC_WARN_UNDECLARED_SELECTOR = YES;
				GCC_WARN_UNINITIALIZED_AUTOS = YES_AGGRESSIVE;
				GCC_WARN_UNUSED_FUNCTION = YES;
				GCC_WARN_UNUSED_VARIABLE = YES;
				IPHONEOS_DEPLOYMENT_TARGET = 8.1;
				MTL_ENABLE_DEBUG_INFO = YES;
				ONLY_ACTIVE_ARCH = YES;
				SDKROOT = iphoneos;
				SWIFT_OPTIMIZATION_LEVEL = "-Onone";
			};
			name = Debug;
		};
		9EA06D771CAEE12B00DF7D94 /* Release */ = {
			isa = XCBuildConfiguration;
			buildSettings = {
				ALWAYS_SEARCH_USER_PATHS = NO;
				CLANG_CXX_LANGUAGE_STANDARD = "gnu++0x";
				CLANG_CXX_LIBRARY = "libc++";
				CLANG_ENABLE_MODULES = YES;
				CLANG_ENABLE_OBJC_ARC = YES;
				CLANG_WARN_BOOL_CONVERSION = YES;
				CLANG_WARN_CONSTANT_CONVERSION = YES;
				CLANG_WARN_DIRECT_OBJC_ISA_USAGE = YES_ERROR;
				CLANG_WARN_EMPTY_BODY = YES;
				CLANG_WARN_ENUM_CONVERSION = YES;
				CLANG_WARN_INT_CONVERSION = YES;
				CLANG_WARN_OBJC_ROOT_CLASS = YES_ERROR;
				CLANG_WARN_UNREACHABLE_CODE = YES;
				CLANG_WARN__DUPLICATE_METHOD_MATCH = YES;
				"CODE_SIGN_IDENTITY[sdk=iphoneos*]" = "iPhone Developer";
				COPY_PHASE_STRIP = YES;
				ENABLE_NS_ASSERTIONS = NO;
				ENABLE_STRICT_OBJC_MSGSEND = YES;
				GCC_C_LANGUAGE_STANDARD = gnu99;
				GCC_WARN_64_TO_32_BIT_CONVERSION = YES;
				GCC_WARN_ABOUT_RETURN_TYPE = YES_ERROR;
				GCC_WARN_UNDECLARED_SELECTOR = YES;
				GCC_WARN_UNINITIALIZED_AUTOS = YES_AGGRESSIVE;
				GCC_WARN_UNUSED_FUNCTION = YES;
				GCC_WARN_UNUSED_VARIABLE = YES;
				IPHONEOS_DEPLOYMENT_TARGET = 8.1;
				MTL_ENABLE_DEBUG_INFO = NO;
				SDKROOT = iphoneos;
				VALIDATE_PRODUCT = YES;
			};
			name = Release;
		};
		9EA06D791CAEE12B00DF7D94 /* Debug */ = {
			isa = XCBuildConfiguration;
			buildSettings = {
				ASSETCATALOG_COMPILER_APPICON_NAME = AppIcon;
				INFOPLIST_FILE = Supercool/Info.plist;
				LD_RUNPATH_SEARCH_PATHS = "$(inherited) @executable_path/Frameworks";
				PRODUCT_NAME = "$(TARGET_NAME)";
			};
			name = Debug;
		};
		9EA06D7A1CAEE12B00DF7D94 /* Release */ = {
			isa = XCBuildConfiguration;
			buildSettings = {
				ASSETCATALOG_COMPILER_APPICON_NAME = AppIcon;
				INFOPLIST_FILE = Supercool/Info.plist;
				LD_RUNPATH_SEARCH_PATHS = "$(inherited) @executable_path/Frameworks";
				PRODUCT_NAME = "$(TARGET_NAME)";
			};
			name = Release;
		};
		9EA06D7C1CAEE12B00DF7D94 /* Debug */ = {
			isa = XCBuildConfiguration;
			buildSettings = {
				BUNDLE_LOADER = "$(TEST_HOST)";
				FRAMEWORK_SEARCH_PATHS = (
					"$(SDKROOT)/Developer/Library/Frameworks",
					"$(inherited)",
				);
				GCC_PREPROCESSOR_DEFINITIONS = (
					"DEBUG=1",
					"$(inherited)",
				);
				INFOPLIST_FILE = SupercoolTests/Info.plist;
				LD_RUNPATH_SEARCH_PATHS = "$(inherited) @executable_path/Frameworks @loader_path/Frameworks";
				PRODUCT_NAME = "$(TARGET_NAME)";
				TEST_HOST = "$(BUILT_PRODUCTS_DIR)/Supercool.app/Supercool";
			};
			name = Debug;
		};
		9EA06D7D1CAEE12B00DF7D94 /* Release */ = {
			isa = XCBuildConfiguration;
			buildSettings = {
				BUNDLE_LOADER = "$(TEST_HOST)";
				FRAMEWORK_SEARCH_PATHS = (
					"$(SDKROOT)/Developer/Library/Frameworks",
					"$(inherited)",
				);
				INFOPLIST_FILE = SupercoolTests/Info.plist;
				LD_RUNPATH_SEARCH_PATHS = "$(inherited) @executable_path/Frameworks @loader_path/Frameworks";
				PRODUCT_NAME = "$(TARGET_NAME)";
				TEST_HOST = "$(BUILT_PRODUCTS_DIR)/Supercool.app/Supercool";
			};
			name = Release;
		};
/* End XCBuildConfiguration section */

/* Begin XCConfigurationList section */
		9EA06D541CAEE12A00DF7D94 /* Build configuration list for PBXProject "Supercool" */ = {
			isa = XCConfigurationList;
			buildConfigurations = (
				9EA06D761CAEE12B00DF7D94 /* Debug */,
				9EA06D771CAEE12B00DF7D94 /* Release */,
			);
			defaultConfigurationIsVisible = 0;
			defaultConfigurationName = Release;
		};
		9EA06D781CAEE12B00DF7D94 /* Build configuration list for PBXNativeTarget "Supercool" */ = {
			isa = XCConfigurationList;
			buildConfigurations = (
				9EA06D791CAEE12B00DF7D94 /* Debug */,
				9EA06D7A1CAEE12B00DF7D94 /* Release */,
			);
			defaultConfigurationIsVisible = 0;
		};
		9EA06D7B1CAEE12B00DF7D94 /* Build configuration list for PBXNativeTarget "SupercoolTests" */ = {
			isa = XCConfigurationList;
			buildConfigurations = (
				9EA06D7C1CAEE12B00DF7D94 /* Debug */,
				9EA06D7D1CAEE12B00DF7D94 /* Release */,
			);
			defaultConfigurationIsVisible = 0;
		};
/* End XCConfigurationList section */
	};
	rootObject = 9EA06D511CAEE12A00DF7D94 /* Project object */;
}
